// !$*UTF8*$!
{
	archiveVersion = 1;
	classes = {
	};
	objectVersion = 55;
	objects = {

/* Begin PBXBuildFile section */
		1814480B28D3246B00BEA60C /* ScheduleWriteView.swift in Sources */ = {isa = PBXBuildFile; fileRef = 1814480A28D3246B00BEA60C /* ScheduleWriteView.swift */; };
		1814480D28D3247600BEA60C /* ScheduleWriteViewController.swift in Sources */ = {isa = PBXBuildFile; fileRef = 1814480C28D3247600BEA60C /* ScheduleWriteViewController.swift */; };
		1814480F28D329BB00BEA60C /* DatePIckerViewController.swift in Sources */ = {isa = PBXBuildFile; fileRef = 1814480E28D329BB00BEA60C /* DatePIckerViewController.swift */; };
		1814481128D3309300BEA60C /* DatePIckerView.swift in Sources */ = {isa = PBXBuildFile; fileRef = 1814481028D3309300BEA60C /* DatePIckerView.swift */; };
		187087F628D7FDB4001D11ED /* CellShortCustomImageView.swift in Sources */ = {isa = PBXBuildFile; fileRef = 187087F528D7FDB4001D11ED /* CellShortCustomImageView.swift */; };
		187087F928D7FDCD001D11ED /* DdayRealmModel.swift in Sources */ = {isa = PBXBuildFile; fileRef = 187087F728D7FDCD001D11ED /* DdayRealmModel.swift */; };
		187087FA28D7FDCD001D11ED /* DdayRepository.swift in Sources */ = {isa = PBXBuildFile; fileRef = 187087F828D7FDCD001D11ED /* DdayRepository.swift */; };
		187087FC28D7FDF4001D11ED /* DdayTableHeaderView.swift in Sources */ = {isa = PBXBuildFile; fileRef = 187087FB28D7FDF4001D11ED /* DdayTableHeaderView.swift */; };
		187C415C28E3A44A005A6623 /* readme.md in Resources */ = {isa = PBXBuildFile; fileRef = 187C415B28E3A44A005A6623 /* readme.md */; };
		187C416028E416FD005A6623 /* Date+Extension.swift in Sources */ = {isa = PBXBuildFile; fileRef = 187C415F28E416FD005A6623 /* Date+Extension.swift */; };
		187C416228E4653B005A6623 /* String+Extension.swift in Sources */ = {isa = PBXBuildFile; fileRef = 187C416128E4653B005A6623 /* String+Extension.swift */; };
		187C416828E57067005A6623 /* FAQView.swift in Sources */ = {isa = PBXBuildFile; fileRef = 187C416728E57067005A6623 /* FAQView.swift */; };
		187C416A28E57076005A6623 /* FAQViewController.swift in Sources */ = {isa = PBXBuildFile; fileRef = 187C416928E57076005A6623 /* FAQViewController.swift */; };
		1881D1B128EE405E009A7E7B /* RealmSwift in Frameworks */ = {isa = PBXBuildFile; productRef = 1881D1B028EE405E009A7E7B /* RealmSwift */; };
		1881D1B328EE4063009A7E7B /* Realm in Frameworks */ = {isa = PBXBuildFile; productRef = 1881D1B228EE4063009A7E7B /* Realm */; };
		1881D1C228F39F2A009A7E7B /* Localizable.strings in Resources */ = {isa = PBXBuildFile; fileRef = 1881D1C428F39F2A009A7E7B /* Localizable.strings */; };
		1881D1D228F52BA2009A7E7B /* APIKey.swift in Sources */ = {isa = PBXBuildFile; fileRef = 1881D1D128F52BA2009A7E7B /* APIKey.swift */; };
		1881D1D528F53817009A7E7B /* InfoPlist.strings in Resources */ = {isa = PBXBuildFile; fileRef = 1881D1D728F53817009A7E7B /* InfoPlist.strings */; };
		1881D1DA28F53A17009A7E7B /* MainWeatherTableViewCell.swift in Sources */ = {isa = PBXBuildFile; fileRef = 1881D1D928F53A17009A7E7B /* MainWeatherTableViewCell.swift */; };
		1881D1E028F53D04009A7E7B /* WeatherAPIManager.swift in Sources */ = {isa = PBXBuildFile; fileRef = 1881D1DF28F53D04009A7E7B /* WeatherAPIManager.swift */; };
		1881D1E428F53D96009A7E7B /* Weather.swift in Sources */ = {isa = PBXBuildFile; fileRef = 1881D1E328F53D96009A7E7B /* Weather.swift */; };
		1881D1E628F54519009A7E7B /* CellLargeCustomImageView.swift in Sources */ = {isa = PBXBuildFile; fileRef = 1881D1E528F54519009A7E7B /* CellLargeCustomImageView.swift */; };
		1881D1EA28F56B57009A7E7B /* GoogleService-Info.plist in Resources */ = {isa = PBXBuildFile; fileRef = 1881D1E928F56B57009A7E7B /* GoogleService-Info.plist */; };
		1881D1ED28F56C30009A7E7B /* FirebaseAnalyticsWithoutAdIdSupport in Frameworks */ = {isa = PBXBuildFile; productRef = 1881D1EC28F56C30009A7E7B /* FirebaseAnalyticsWithoutAdIdSupport */; };
		1881D1EF28F56C30009A7E7B /* FirebaseCrashlytics in Frameworks */ = {isa = PBXBuildFile; productRef = 1881D1EE28F56C30009A7E7B /* FirebaseCrashlytics */; };
		1881D1F128F56C31009A7E7B /* FirebaseMessaging in Frameworks */ = {isa = PBXBuildFile; productRef = 1881D1F028F56C31009A7E7B /* FirebaseMessaging */; };
		18AF777928DC683200D61E5D /* SettingTableViewCell.swift in Sources */ = {isa = PBXBuildFile; fileRef = 18AF777828DC683200D61E5D /* SettingTableViewCell.swift */; };
		18AF777C28DC696600D61E5D /* SettingMenu.swift in Sources */ = {isa = PBXBuildFile; fileRef = 18AF777B28DC696600D61E5D /* SettingMenu.swift */; };
		18AF777F28DC6B5400D61E5D /* License.swift in Sources */ = {isa = PBXBuildFile; fileRef = 18AF777E28DC6B5400D61E5D /* License.swift */; };
		18AF778128DC6E6800D61E5D /* LicenseView.swift in Sources */ = {isa = PBXBuildFile; fileRef = 18AF778028DC6E6800D61E5D /* LicenseView.swift */; };
		18AF778328DC703C00D61E5D /* LicenseViewController.swift in Sources */ = {isa = PBXBuildFile; fileRef = 18AF778228DC703C00D61E5D /* LicenseViewController.swift */; };
		18AF778628DC709E00D61E5D /* LicenseDetailView.swift in Sources */ = {isa = PBXBuildFile; fileRef = 18AF778528DC709E00D61E5D /* LicenseDetailView.swift */; };
		18AF778828DC70A600D61E5D /* LicenseDetailViewController.swift in Sources */ = {isa = PBXBuildFile; fileRef = 18AF778728DC70A600D61E5D /* LicenseDetailViewController.swift */; };
		18AF778A28DC721F00D61E5D /* LicenseTableViewCell.swift in Sources */ = {isa = PBXBuildFile; fileRef = 18AF778928DC721F00D61E5D /* LicenseTableViewCell.swift */; };
		18AF778E28DC95FE00D61E5D /* ThemeView.swift in Sources */ = {isa = PBXBuildFile; fileRef = 18AF778D28DC95FE00D61E5D /* ThemeView.swift */; };
		18AF779028DC962700D61E5D /* ThemeViewController.swift in Sources */ = {isa = PBXBuildFile; fileRef = 18AF778F28DC962700D61E5D /* ThemeViewController.swift */; };
		18AF779228DCAA5D00D61E5D /* AppInfoView.swift in Sources */ = {isa = PBXBuildFile; fileRef = 18AF779128DCAA5D00D61E5D /* AppInfoView.swift */; };
		18AF779428DCAA6800D61E5D /* AppInfoViewController.swift in Sources */ = {isa = PBXBuildFile; fileRef = 18AF779328DCAA6800D61E5D /* AppInfoViewController.swift */; };
		18AF779F28E0863E00D61E5D /* MainProfileTableViewCell.swift in Sources */ = {isa = PBXBuildFile; fileRef = 18AF779E28E0863E00D61E5D /* MainProfileTableViewCell.swift */; };
		18AF77A228E08AC400D61E5D /* MainScheduleTableViewCell.swift in Sources */ = {isa = PBXBuildFile; fileRef = 18AF77A128E08AC400D61E5D /* MainScheduleTableViewCell.swift */; };
		18AF77A428E08AE800D61E5D /* MainDdayTableViewCell.swift in Sources */ = {isa = PBXBuildFile; fileRef = 18AF77A328E08AE800D61E5D /* MainDdayTableViewCell.swift */; };
		18AF77A828E092FB00D61E5D /* ProfileSettingView.swift in Sources */ = {isa = PBXBuildFile; fileRef = 18AF77A728E092FB00D61E5D /* ProfileSettingView.swift */; };
		18AF77AA28E0930800D61E5D /* ProfileSettingViewController.swift in Sources */ = {isa = PBXBuildFile; fileRef = 18AF77A928E0930800D61E5D /* ProfileSettingViewController.swift */; };
		18AF77CC28E1B04100D61E5D /* ImageFileManager.swift in Sources */ = {isa = PBXBuildFile; fileRef = 18AF77CB28E1B04100D61E5D /* ImageFileManager.swift */; };
		18B799EB28CCAB9400186AFA /* AppDelegate.swift in Sources */ = {isa = PBXBuildFile; fileRef = 18B799EA28CCAB9400186AFA /* AppDelegate.swift */; };
		18B799ED28CCAB9400186AFA /* SceneDelegate.swift in Sources */ = {isa = PBXBuildFile; fileRef = 18B799EC28CCAB9400186AFA /* SceneDelegate.swift */; };
		18B799EF28CCAB9400186AFA /* MainViewController.swift in Sources */ = {isa = PBXBuildFile; fileRef = 18B799EE28CCAB9400186AFA /* MainViewController.swift */; };
		18B799F428CCAB9600186AFA /* Assets.xcassets in Resources */ = {isa = PBXBuildFile; fileRef = 18B799F328CCAB9600186AFA /* Assets.xcassets */; };
		18B799F728CCAB9600186AFA /* LaunchScreen.storyboard in Resources */ = {isa = PBXBuildFile; fileRef = 18B799F528CCAB9600186AFA /* LaunchScreen.storyboard */; };
		18B79A0228CCB3A900186AFA /* BaseViewController.swift in Sources */ = {isa = PBXBuildFile; fileRef = 18B79A0128CCB3A900186AFA /* BaseViewController.swift */; };
		18B79A0428CCB3B200186AFA /* BaseView.swift in Sources */ = {isa = PBXBuildFile; fileRef = 18B79A0328CCB3B200186AFA /* BaseView.swift */; };
		18B79A0628CCB3B900186AFA /* BaseTableViewCell.swift in Sources */ = {isa = PBXBuildFile; fileRef = 18B79A0528CCB3B900186AFA /* BaseTableViewCell.swift */; };
		18B79A0928CCB49500186AFA /* MainView.swift in Sources */ = {isa = PBXBuildFile; fileRef = 18B79A0828CCB49500186AFA /* MainView.swift */; };
		18B79A1828CCCBEB00186AFA /* ReusableProtocol.swift in Sources */ = {isa = PBXBuildFile; fileRef = 18B79A1728CCCBEB00186AFA /* ReusableProtocol.swift */; };
		18B79A1A28CCCC7100186AFA /* UIViewController+Extension.swift in Sources */ = {isa = PBXBuildFile; fileRef = 18B79A1928CCCC7100186AFA /* UIViewController+Extension.swift */; };
		18B79A1C28CCCC8D00186AFA /* Transition+Extension.swift in Sources */ = {isa = PBXBuildFile; fileRef = 18B79A1B28CCCC8D00186AFA /* Transition+Extension.swift */; };
		18B79A1F28CDE81400186AFA /* SnapKit in Frameworks */ = {isa = PBXBuildFile; productRef = 18B79A1E28CDE81400186AFA /* SnapKit */; };
		18B79A2228CDF66C00186AFA /* TabBarController.swift in Sources */ = {isa = PBXBuildFile; fileRef = 18B79A2128CDF66B00186AFA /* TabBarController.swift */; };
		18B79A2428CDF80500186AFA /* ScheduleViewController.swift in Sources */ = {isa = PBXBuildFile; fileRef = 18B79A2328CDF80500186AFA /* ScheduleViewController.swift */; };
		18B79A2628CDF81100186AFA /* ScheduleView.swift in Sources */ = {isa = PBXBuildFile; fileRef = 18B79A2528CDF81100186AFA /* ScheduleView.swift */; };
		18B79A2828CDF82300186AFA /* ScheduleTableViewCell.swift in Sources */ = {isa = PBXBuildFile; fileRef = 18B79A2728CDF82300186AFA /* ScheduleTableViewCell.swift */; };
		18B79A2A28CDFB7E00186AFA /* Color.swift in Sources */ = {isa = PBXBuildFile; fileRef = 18B79A2928CDFB7E00186AFA /* Color.swift */; };
		18B79A2E28CE0B2200186AFA /* CustomImageView.swift in Sources */ = {isa = PBXBuildFile; fileRef = 18B79A2D28CE0B2200186AFA /* CustomImageView.swift */; };
		18B79A3128CE0EF000186AFA /* CustomLabel.swift in Sources */ = {isa = PBXBuildFile; fileRef = 18B79A3028CE0EF000186AFA /* CustomLabel.swift */; };
		18B79A3528CE138600186AFA /* SettingView.swift in Sources */ = {isa = PBXBuildFile; fileRef = 18B79A3428CE138600186AFA /* SettingView.swift */; };
		18B79A3728CE139000186AFA /* SettingViewController.swift in Sources */ = {isa = PBXBuildFile; fileRef = 18B79A3628CE139000186AFA /* SettingViewController.swift */; };
		18B79A3928CE1A8700186AFA /* .gitignore in Resources */ = {isa = PBXBuildFile; fileRef = 18B79A3828CE1A8700186AFA /* .gitignore */; };
		18B79A3B28CE201700186AFA /* DdayView.swift in Sources */ = {isa = PBXBuildFile; fileRef = 18B79A3A28CE201700186AFA /* DdayView.swift */; };
		18B79A3D28CE202000186AFA /* DdayViewController.swift in Sources */ = {isa = PBXBuildFile; fileRef = 18B79A3C28CE202000186AFA /* DdayViewController.swift */; };
		18B79A3F28CE202F00186AFA /* DdayTableViewCell.swift in Sources */ = {isa = PBXBuildFile; fileRef = 18B79A3E28CE202F00186AFA /* DdayTableViewCell.swift */; };
		18B79A4228CE215B00186AFA /* DdayWriteView.swift in Sources */ = {isa = PBXBuildFile; fileRef = 18B79A4128CE215B00186AFA /* DdayWriteView.swift */; };
		18B79A4428CE217000186AFA /* DdayWriteViewController.swift in Sources */ = {isa = PBXBuildFile; fileRef = 18B79A4328CE217000186AFA /* DdayWriteViewController.swift */; };
		18B79A4A28CF41AB00186AFA /* PopupZeroView.swift in Sources */ = {isa = PBXBuildFile; fileRef = 18B79A4928CF41AB00186AFA /* PopupZeroView.swift */; };
		18B79A4C28CF41B300186AFA /* PopupZeroViewController.swift in Sources */ = {isa = PBXBuildFile; fileRef = 18B79A4B28CF41B300186AFA /* PopupZeroViewController.swift */; };
		18B79A4E28CF4D6600186AFA /* UserDefaultsHelper.swift in Sources */ = {isa = PBXBuildFile; fileRef = 18B79A4D28CF4D6600186AFA /* UserDefaultsHelper.swift */; };
		18B79A5028D05CEB00186AFA /* PageViewController.swift in Sources */ = {isa = PBXBuildFile; fileRef = 18B79A4F28D05CEB00186AFA /* PageViewController.swift */; };
		18B79A5228D0636E00186AFA /* PopupOneView.swift in Sources */ = {isa = PBXBuildFile; fileRef = 18B79A5128D0636E00186AFA /* PopupOneView.swift */; };
		18B79A5428D0637900186AFA /* PopupOneViewController.swift in Sources */ = {isa = PBXBuildFile; fileRef = 18B79A5328D0637900186AFA /* PopupOneViewController.swift */; };
		18B79A5628D0B03700186AFA /* MainTableViewCell.swift in Sources */ = {isa = PBXBuildFile; fileRef = 18B79A5528D0B03700186AFA /* MainTableViewCell.swift */; };
		18B79A5928D1D64500186AFA /* FSCalendar in Frameworks */ = {isa = PBXBuildFile; productRef = 18B79A5828D1D64500186AFA /* FSCalendar */; };
		18B79A5C28D1DFD600186AFA /* BackgroundImageView.swift in Sources */ = {isa = PBXBuildFile; fileRef = 18B79A5B28D1DFD600186AFA /* BackgroundImageView.swift */; };
		18CDA4FF28ED514200ECC540 /* BackupRestoreView.swift in Sources */ = {isa = PBXBuildFile; fileRef = 18CDA4FE28ED514200ECC540 /* BackupRestoreView.swift */; };
		18CDA50128ED515700ECC540 /* BackupRestoreViewController.swift in Sources */ = {isa = PBXBuildFile; fileRef = 18CDA50028ED515700ECC540 /* BackupRestoreViewController.swift */; };
		18CDA50328ED83BC00ECC540 /* FileManager+Extension.swift in Sources */ = {isa = PBXBuildFile; fileRef = 18CDA50228ED83BC00ECC540 /* FileManager+Extension.swift */; };
		18CDA50628ED846900ECC540 /* Zip in Frameworks */ = {isa = PBXBuildFile; productRef = 18CDA50528ED846900ECC540 /* Zip */; };
		18D8F96928D96BAA00179869 /* ThemeHelper.swift in Sources */ = {isa = PBXBuildFile; fileRef = 18D8F96828D96BAA00179869 /* ThemeHelper.swift */; };
		18D8F96C28D98DBB00179869 /* CutomWriteButton.swift in Sources */ = {isa = PBXBuildFile; fileRef = 18D8F96B28D98DBB00179869 /* CutomWriteButton.swift */; };
		18DE8DA228EA51C900A74345 /* AlarmView.swift in Sources */ = {isa = PBXBuildFile; fileRef = 18DE8DA128EA51C900A74345 /* AlarmView.swift */; };
		18DE8DA428EA51D300A74345 /* AlarmViewController.swift in Sources */ = {isa = PBXBuildFile; fileRef = 18DE8DA328EA51D300A74345 /* AlarmViewController.swift */; };
		18DE8DA628EA5C9800A74345 /* CustomDayLabel.swift in Sources */ = {isa = PBXBuildFile; fileRef = 18DE8DA528EA5C9700A74345 /* CustomDayLabel.swift */; };
		18DE8DA828EA5CE800A74345 /* CustomDayButton.swift in Sources */ = {isa = PBXBuildFile; fileRef = 18DE8DA728EA5CE800A74345 /* CustomDayButton.swift */; };
		18DE8DAB28EA5D3C00A74345 /* CustomDaySwitchButton.swift in Sources */ = {isa = PBXBuildFile; fileRef = 18DE8DAA28EA5D3C00A74345 /* CustomDaySwitchButton.swift */; };
		18DE8DAD28EA5E0400A74345 /* AlarmTableViewCell.swift in Sources */ = {isa = PBXBuildFile; fileRef = 18DE8DAC28EA5E0400A74345 /* AlarmTableViewCell.swift */; };
		18DE8DB128EA750800A74345 /* Week.swift in Sources */ = {isa = PBXBuildFile; fileRef = 18DE8DB028EA750800A74345 /* Week.swift */; };
		18E2AB7128D3BB330010AAB2 /* ScheduleRealmModel.swift in Sources */ = {isa = PBXBuildFile; fileRef = 18E2AB7028D3BB330010AAB2 /* ScheduleRealmModel.swift */; };
		18E2AB7328D3BC0F0010AAB2 /* ScheduleRepository.swift in Sources */ = {isa = PBXBuildFile; fileRef = 18E2AB7228D3BC0F0010AAB2 /* ScheduleRepository.swift */; };
/* End PBXBuildFile section */

/* Begin PBXFileReference section */
		1814480A28D3246B00BEA60C /* ScheduleWriteView.swift */ = {isa = PBXFileReference; lastKnownFileType = sourcecode.swift; path = ScheduleWriteView.swift; sourceTree = "<group>"; };
		1814480C28D3247600BEA60C /* ScheduleWriteViewController.swift */ = {isa = PBXFileReference; lastKnownFileType = sourcecode.swift; path = ScheduleWriteViewController.swift; sourceTree = "<group>"; };
		1814480E28D329BB00BEA60C /* DatePIckerViewController.swift */ = {isa = PBXFileReference; lastKnownFileType = sourcecode.swift; path = DatePIckerViewController.swift; sourceTree = "<group>"; };
		1814481028D3309300BEA60C /* DatePIckerView.swift */ = {isa = PBXFileReference; lastKnownFileType = sourcecode.swift; path = DatePIckerView.swift; sourceTree = "<group>"; };
		187087F528D7FDB4001D11ED /* CellShortCustomImageView.swift */ = {isa = PBXFileReference; fileEncoding = 4; lastKnownFileType = sourcecode.swift; path = CellShortCustomImageView.swift; sourceTree = "<group>"; };
		187087F728D7FDCD001D11ED /* DdayRealmModel.swift */ = {isa = PBXFileReference; fileEncoding = 4; lastKnownFileType = sourcecode.swift; path = DdayRealmModel.swift; sourceTree = "<group>"; };
		187087F828D7FDCD001D11ED /* DdayRepository.swift */ = {isa = PBXFileReference; fileEncoding = 4; lastKnownFileType = sourcecode.swift; path = DdayRepository.swift; sourceTree = "<group>"; };
		187087FB28D7FDF4001D11ED /* DdayTableHeaderView.swift */ = {isa = PBXFileReference; fileEncoding = 4; lastKnownFileType = sourcecode.swift; path = DdayTableHeaderView.swift; sourceTree = "<group>"; };
		187C415B28E3A44A005A6623 /* readme.md */ = {isa = PBXFileReference; fileEncoding = 4; lastKnownFileType = net.daringfireball.markdown; path = readme.md; sourceTree = "<group>"; };
		187C415F28E416FD005A6623 /* Date+Extension.swift */ = {isa = PBXFileReference; fileEncoding = 4; lastKnownFileType = sourcecode.swift; path = "Date+Extension.swift"; sourceTree = "<group>"; };
		187C416128E4653B005A6623 /* String+Extension.swift */ = {isa = PBXFileReference; lastKnownFileType = sourcecode.swift; path = "String+Extension.swift"; sourceTree = "<group>"; };
		187C416728E57067005A6623 /* FAQView.swift */ = {isa = PBXFileReference; lastKnownFileType = sourcecode.swift; path = FAQView.swift; sourceTree = "<group>"; };
		187C416928E57076005A6623 /* FAQViewController.swift */ = {isa = PBXFileReference; lastKnownFileType = sourcecode.swift; path = FAQViewController.swift; sourceTree = "<group>"; };
		1881D1C328F39F2A009A7E7B /* en */ = {isa = PBXFileReference; lastKnownFileType = text.plist.strings; name = en; path = en.lproj/Localizable.strings; sourceTree = "<group>"; };
		1881D1C528F39F55009A7E7B /* ko */ = {isa = PBXFileReference; lastKnownFileType = text.plist.strings; name = ko; path = ko.lproj/LaunchScreen.strings; sourceTree = "<group>"; };
		1881D1C628F39F55009A7E7B /* ko */ = {isa = PBXFileReference; lastKnownFileType = text.plist.strings; name = ko; path = ko.lproj/Localizable.strings; sourceTree = "<group>"; };
		1881D1D128F52BA2009A7E7B /* APIKey.swift */ = {isa = PBXFileReference; lastKnownFileType = sourcecode.swift; path = APIKey.swift; sourceTree = "<group>"; };
		1881D1D628F53817009A7E7B /* ko */ = {isa = PBXFileReference; lastKnownFileType = text.plist.strings; name = ko; path = ko.lproj/InfoPlist.strings; sourceTree = "<group>"; };
		1881D1D828F5381C009A7E7B /* en */ = {isa = PBXFileReference; lastKnownFileType = text.plist.strings; name = en; path = en.lproj/InfoPlist.strings; sourceTree = "<group>"; };
		1881D1D928F53A17009A7E7B /* MainWeatherTableViewCell.swift */ = {isa = PBXFileReference; lastKnownFileType = sourcecode.swift; path = MainWeatherTableViewCell.swift; sourceTree = "<group>"; };
		1881D1DF28F53D04009A7E7B /* WeatherAPIManager.swift */ = {isa = PBXFileReference; lastKnownFileType = sourcecode.swift; path = WeatherAPIManager.swift; sourceTree = "<group>"; };
		1881D1E328F53D96009A7E7B /* Weather.swift */ = {isa = PBXFileReference; lastKnownFileType = sourcecode.swift; path = Weather.swift; sourceTree = "<group>"; };
		1881D1E528F54519009A7E7B /* CellLargeCustomImageView.swift */ = {isa = PBXFileReference; lastKnownFileType = sourcecode.swift; path = CellLargeCustomImageView.swift; sourceTree = "<group>"; };
		1881D1E828F5517E009A7E7B /* MakeMyDay.entitlements */ = {isa = PBXFileReference; lastKnownFileType = text.plist.entitlements; path = MakeMyDay.entitlements; sourceTree = "<group>"; };
		1881D1E928F56B57009A7E7B /* GoogleService-Info.plist */ = {isa = PBXFileReference; fileEncoding = 4; lastKnownFileType = text.plist.xml; name = "GoogleService-Info.plist"; path = "../../../../Downloads/AppleKey/GoogleService-Info.plist"; sourceTree = "<group>"; };
		1881D1FB28F7C06F009A7E7B /* ja */ = {isa = PBXFileReference; lastKnownFileType = text.plist.strings; name = ja; path = ja.lproj/LaunchScreen.strings; sourceTree = "<group>"; };
		1881D1FC28F7C06F009A7E7B /* ja */ = {isa = PBXFileReference; lastKnownFileType = text.plist.strings; name = ja; path = ja.lproj/Localizable.strings; sourceTree = "<group>"; };
		1881D1FD28F7C06F009A7E7B /* ja */ = {isa = PBXFileReference; lastKnownFileType = text.plist.strings; name = ja; path = ja.lproj/InfoPlist.strings; sourceTree = "<group>"; };
		1881D1FE28FD16DB009A7E7B /* zh-Hans */ = {isa = PBXFileReference; lastKnownFileType = text.plist.strings; name = "zh-Hans"; path = "zh-Hans.lproj/LaunchScreen.strings"; sourceTree = "<group>"; };
		1881D1FF28FD16DB009A7E7B /* zh-Hans */ = {isa = PBXFileReference; lastKnownFileType = text.plist.strings; name = "zh-Hans"; path = "zh-Hans.lproj/Localizable.strings"; sourceTree = "<group>"; };
		1881D20028FD16DB009A7E7B /* zh-Hans */ = {isa = PBXFileReference; lastKnownFileType = text.plist.strings; name = "zh-Hans"; path = "zh-Hans.lproj/InfoPlist.strings"; sourceTree = "<group>"; };
		1881D20128FD1BEA009A7E7B /* zh-Hant */ = {isa = PBXFileReference; lastKnownFileType = text.plist.strings; name = "zh-Hant"; path = "zh-Hant.lproj/LaunchScreen.strings"; sourceTree = "<group>"; };
		1881D20228FD1BEA009A7E7B /* zh-Hant */ = {isa = PBXFileReference; lastKnownFileType = text.plist.strings; name = "zh-Hant"; path = "zh-Hant.lproj/Localizable.strings"; sourceTree = "<group>"; };
		1881D20328FD1BEA009A7E7B /* zh-Hant */ = {isa = PBXFileReference; lastKnownFileType = text.plist.strings; name = "zh-Hant"; path = "zh-Hant.lproj/InfoPlist.strings"; sourceTree = "<group>"; };
		1881D20428FD1F46009A7E7B /* en-GB */ = {isa = PBXFileReference; lastKnownFileType = text.plist.strings; name = "en-GB"; path = "en-GB.lproj/LaunchScreen.strings"; sourceTree = "<group>"; };
		1881D20528FD1F46009A7E7B /* en-GB */ = {isa = PBXFileReference; lastKnownFileType = text.plist.strings; name = "en-GB"; path = "en-GB.lproj/Localizable.strings"; sourceTree = "<group>"; };
		1881D20628FD1F46009A7E7B /* en-GB */ = {isa = PBXFileReference; lastKnownFileType = text.plist.strings; name = "en-GB"; path = "en-GB.lproj/InfoPlist.strings"; sourceTree = "<group>"; };
		1881D20728FD1F85009A7E7B /* en-IN */ = {isa = PBXFileReference; lastKnownFileType = text.plist.strings; name = "en-IN"; path = "en-IN.lproj/LaunchScreen.strings"; sourceTree = "<group>"; };
		1881D20828FD1F86009A7E7B /* en-IN */ = {isa = PBXFileReference; lastKnownFileType = text.plist.strings; name = "en-IN"; path = "en-IN.lproj/Localizable.strings"; sourceTree = "<group>"; };
		1881D20928FD1F86009A7E7B /* en-IN */ = {isa = PBXFileReference; lastKnownFileType = text.plist.strings; name = "en-IN"; path = "en-IN.lproj/InfoPlist.strings"; sourceTree = "<group>"; };
		1881D20A28FD1F8D009A7E7B /* en-AU */ = {isa = PBXFileReference; lastKnownFileType = text.plist.strings; name = "en-AU"; path = "en-AU.lproj/LaunchScreen.strings"; sourceTree = "<group>"; };
		1881D20B28FD1F8D009A7E7B /* en-AU */ = {isa = PBXFileReference; lastKnownFileType = text.plist.strings; name = "en-AU"; path = "en-AU.lproj/Localizable.strings"; sourceTree = "<group>"; };
		1881D20C28FD1F8E009A7E7B /* en-AU */ = {isa = PBXFileReference; lastKnownFileType = text.plist.strings; name = "en-AU"; path = "en-AU.lproj/InfoPlist.strings"; sourceTree = "<group>"; };
		1881D20D28FD2146009A7E7B /* id */ = {isa = PBXFileReference; lastKnownFileType = text.plist.strings; name = id; path = id.lproj/LaunchScreen.strings; sourceTree = "<group>"; };
		1881D20E28FD2146009A7E7B /* id */ = {isa = PBXFileReference; lastKnownFileType = text.plist.strings; name = id; path = id.lproj/Localizable.strings; sourceTree = "<group>"; };
		1881D20F28FD2147009A7E7B /* id */ = {isa = PBXFileReference; lastKnownFileType = text.plist.strings; name = id; path = id.lproj/InfoPlist.strings; sourceTree = "<group>"; };
		1881D21028FD255A009A7E7B /* fr */ = {isa = PBXFileReference; lastKnownFileType = text.plist.strings; name = fr; path = fr.lproj/LaunchScreen.strings; sourceTree = "<group>"; };
		1881D21128FD255A009A7E7B /* fr */ = {isa = PBXFileReference; lastKnownFileType = text.plist.strings; name = fr; path = fr.lproj/Localizable.strings; sourceTree = "<group>"; };
		1881D21228FD255A009A7E7B /* fr */ = {isa = PBXFileReference; lastKnownFileType = text.plist.strings; name = fr; path = fr.lproj/InfoPlist.strings; sourceTree = "<group>"; };
		1881D21328FD30D0009A7E7B /* de */ = {isa = PBXFileReference; lastKnownFileType = text.plist.strings; name = de; path = de.lproj/LaunchScreen.strings; sourceTree = "<group>"; };
		1881D21428FD30D0009A7E7B /* de */ = {isa = PBXFileReference; lastKnownFileType = text.plist.strings; name = de; path = de.lproj/Localizable.strings; sourceTree = "<group>"; };
		1881D21528FD30D0009A7E7B /* de */ = {isa = PBXFileReference; lastKnownFileType = text.plist.strings; name = de; path = de.lproj/InfoPlist.strings; sourceTree = "<group>"; };
		1881D21628FD3392009A7E7B /* th */ = {isa = PBXFileReference; lastKnownFileType = text.plist.strings; name = th; path = th.lproj/LaunchScreen.strings; sourceTree = "<group>"; };
		1881D21728FD3393009A7E7B /* th */ = {isa = PBXFileReference; lastKnownFileType = text.plist.strings; name = th; path = th.lproj/Localizable.strings; sourceTree = "<group>"; };
		1881D21828FD3393009A7E7B /* th */ = {isa = PBXFileReference; lastKnownFileType = text.plist.strings; name = th; path = th.lproj/InfoPlist.strings; sourceTree = "<group>"; };
		1881D21928FD358F009A7E7B /* vi */ = {isa = PBXFileReference; lastKnownFileType = text.plist.strings; name = vi; path = vi.lproj/LaunchScreen.strings; sourceTree = "<group>"; };
		1881D21A28FD358F009A7E7B /* vi */ = {isa = PBXFileReference; lastKnownFileType = text.plist.strings; name = vi; path = vi.lproj/Localizable.strings; sourceTree = "<group>"; };
		1881D21B28FD358F009A7E7B /* vi */ = {isa = PBXFileReference; lastKnownFileType = text.plist.strings; name = vi; path = vi.lproj/InfoPlist.strings; sourceTree = "<group>"; };
		1881D21C28FD36F9009A7E7B /* uk */ = {isa = PBXFileReference; lastKnownFileType = text.plist.strings; name = uk; path = uk.lproj/LaunchScreen.strings; sourceTree = "<group>"; };
		1881D21D28FD36F9009A7E7B /* uk */ = {isa = PBXFileReference; lastKnownFileType = text.plist.strings; name = uk; path = uk.lproj/Localizable.strings; sourceTree = "<group>"; };
		1881D21E28FD36F9009A7E7B /* uk */ = {isa = PBXFileReference; lastKnownFileType = text.plist.strings; name = uk; path = uk.lproj/InfoPlist.strings; sourceTree = "<group>"; };
		18AF777828DC683200D61E5D /* SettingTableViewCell.swift */ = {isa = PBXFileReference; lastKnownFileType = sourcecode.swift; path = SettingTableViewCell.swift; sourceTree = "<group>"; };
		18AF777B28DC696600D61E5D /* SettingMenu.swift */ = {isa = PBXFileReference; lastKnownFileType = sourcecode.swift; path = SettingMenu.swift; sourceTree = "<group>"; };
		18AF777E28DC6B5400D61E5D /* License.swift */ = {isa = PBXFileReference; lastKnownFileType = sourcecode.swift; path = License.swift; sourceTree = "<group>"; };
		18AF778028DC6E6800D61E5D /* LicenseView.swift */ = {isa = PBXFileReference; lastKnownFileType = sourcecode.swift; path = LicenseView.swift; sourceTree = "<group>"; };
		18AF778228DC703C00D61E5D /* LicenseViewController.swift */ = {isa = PBXFileReference; lastKnownFileType = sourcecode.swift; path = LicenseViewController.swift; sourceTree = "<group>"; };
		18AF778528DC709E00D61E5D /* LicenseDetailView.swift */ = {isa = PBXFileReference; lastKnownFileType = sourcecode.swift; path = LicenseDetailView.swift; sourceTree = "<group>"; };
		18AF778728DC70A600D61E5D /* LicenseDetailViewController.swift */ = {isa = PBXFileReference; lastKnownFileType = sourcecode.swift; path = LicenseDetailViewController.swift; sourceTree = "<group>"; };
		18AF778928DC721F00D61E5D /* LicenseTableViewCell.swift */ = {isa = PBXFileReference; lastKnownFileType = sourcecode.swift; path = LicenseTableViewCell.swift; sourceTree = "<group>"; };
		18AF778D28DC95FE00D61E5D /* ThemeView.swift */ = {isa = PBXFileReference; lastKnownFileType = sourcecode.swift; path = ThemeView.swift; sourceTree = "<group>"; };
		18AF778F28DC962700D61E5D /* ThemeViewController.swift */ = {isa = PBXFileReference; lastKnownFileType = sourcecode.swift; path = ThemeViewController.swift; sourceTree = "<group>"; };
		18AF779128DCAA5D00D61E5D /* AppInfoView.swift */ = {isa = PBXFileReference; lastKnownFileType = sourcecode.swift; path = AppInfoView.swift; sourceTree = "<group>"; };
		18AF779328DCAA6800D61E5D /* AppInfoViewController.swift */ = {isa = PBXFileReference; lastKnownFileType = sourcecode.swift; path = AppInfoViewController.swift; sourceTree = "<group>"; };
		18AF779E28E0863E00D61E5D /* MainProfileTableViewCell.swift */ = {isa = PBXFileReference; lastKnownFileType = sourcecode.swift; path = MainProfileTableViewCell.swift; sourceTree = "<group>"; };
		18AF77A128E08AC400D61E5D /* MainScheduleTableViewCell.swift */ = {isa = PBXFileReference; lastKnownFileType = sourcecode.swift; path = MainScheduleTableViewCell.swift; sourceTree = "<group>"; };
		18AF77A328E08AE800D61E5D /* MainDdayTableViewCell.swift */ = {isa = PBXFileReference; lastKnownFileType = sourcecode.swift; path = MainDdayTableViewCell.swift; sourceTree = "<group>"; };
		18AF77A728E092FB00D61E5D /* ProfileSettingView.swift */ = {isa = PBXFileReference; lastKnownFileType = sourcecode.swift; path = ProfileSettingView.swift; sourceTree = "<group>"; };
		18AF77A928E0930800D61E5D /* ProfileSettingViewController.swift */ = {isa = PBXFileReference; lastKnownFileType = sourcecode.swift; path = ProfileSettingViewController.swift; sourceTree = "<group>"; };
		18AF77CB28E1B04100D61E5D /* ImageFileManager.swift */ = {isa = PBXFileReference; lastKnownFileType = sourcecode.swift; path = ImageFileManager.swift; sourceTree = "<group>"; };
		18B799E728CCAB9400186AFA /* MakeMyDay.app */ = {isa = PBXFileReference; explicitFileType = wrapper.application; includeInIndex = 0; path = MakeMyDay.app; sourceTree = BUILT_PRODUCTS_DIR; };
		18B799EA28CCAB9400186AFA /* AppDelegate.swift */ = {isa = PBXFileReference; lastKnownFileType = sourcecode.swift; path = AppDelegate.swift; sourceTree = "<group>"; };
		18B799EC28CCAB9400186AFA /* SceneDelegate.swift */ = {isa = PBXFileReference; lastKnownFileType = sourcecode.swift; path = SceneDelegate.swift; sourceTree = "<group>"; };
		18B799EE28CCAB9400186AFA /* MainViewController.swift */ = {isa = PBXFileReference; lastKnownFileType = sourcecode.swift; path = MainViewController.swift; sourceTree = "<group>"; };
		18B799F328CCAB9600186AFA /* Assets.xcassets */ = {isa = PBXFileReference; lastKnownFileType = folder.assetcatalog; path = Assets.xcassets; sourceTree = "<group>"; };
		18B799F628CCAB9600186AFA /* Base */ = {isa = PBXFileReference; lastKnownFileType = file.storyboard; name = Base; path = Base.lproj/LaunchScreen.storyboard; sourceTree = "<group>"; };
		18B799F828CCAB9600186AFA /* Info.plist */ = {isa = PBXFileReference; lastKnownFileType = text.plist.xml; path = Info.plist; sourceTree = "<group>"; };
		18B79A0128CCB3A900186AFA /* BaseViewController.swift */ = {isa = PBXFileReference; lastKnownFileType = sourcecode.swift; path = BaseViewController.swift; sourceTree = "<group>"; };
		18B79A0328CCB3B200186AFA /* BaseView.swift */ = {isa = PBXFileReference; lastKnownFileType = sourcecode.swift; path = BaseView.swift; sourceTree = "<group>"; };
		18B79A0528CCB3B900186AFA /* BaseTableViewCell.swift */ = {isa = PBXFileReference; lastKnownFileType = sourcecode.swift; path = BaseTableViewCell.swift; sourceTree = "<group>"; };
		18B79A0828CCB49500186AFA /* MainView.swift */ = {isa = PBXFileReference; lastKnownFileType = sourcecode.swift; path = MainView.swift; sourceTree = "<group>"; };
		18B79A1728CCCBEB00186AFA /* ReusableProtocol.swift */ = {isa = PBXFileReference; lastKnownFileType = sourcecode.swift; path = ReusableProtocol.swift; sourceTree = "<group>"; };
		18B79A1928CCCC7100186AFA /* UIViewController+Extension.swift */ = {isa = PBXFileReference; lastKnownFileType = sourcecode.swift; path = "UIViewController+Extension.swift"; sourceTree = "<group>"; };
		18B79A1B28CCCC8D00186AFA /* Transition+Extension.swift */ = {isa = PBXFileReference; lastKnownFileType = sourcecode.swift; path = "Transition+Extension.swift"; sourceTree = "<group>"; };
		18B79A2128CDF66B00186AFA /* TabBarController.swift */ = {isa = PBXFileReference; lastKnownFileType = sourcecode.swift; path = TabBarController.swift; sourceTree = "<group>"; };
		18B79A2328CDF80500186AFA /* ScheduleViewController.swift */ = {isa = PBXFileReference; lastKnownFileType = sourcecode.swift; path = ScheduleViewController.swift; sourceTree = "<group>"; };
		18B79A2528CDF81100186AFA /* ScheduleView.swift */ = {isa = PBXFileReference; lastKnownFileType = sourcecode.swift; path = ScheduleView.swift; sourceTree = "<group>"; };
		18B79A2728CDF82300186AFA /* ScheduleTableViewCell.swift */ = {isa = PBXFileReference; lastKnownFileType = sourcecode.swift; path = ScheduleTableViewCell.swift; sourceTree = "<group>"; };
		18B79A2928CDFB7E00186AFA /* Color.swift */ = {isa = PBXFileReference; lastKnownFileType = sourcecode.swift; path = Color.swift; sourceTree = "<group>"; };
		18B79A2D28CE0B2200186AFA /* CustomImageView.swift */ = {isa = PBXFileReference; lastKnownFileType = sourcecode.swift; path = CustomImageView.swift; sourceTree = "<group>"; };
		18B79A3028CE0EF000186AFA /* CustomLabel.swift */ = {isa = PBXFileReference; lastKnownFileType = sourcecode.swift; path = CustomLabel.swift; sourceTree = "<group>"; };
		18B79A3428CE138600186AFA /* SettingView.swift */ = {isa = PBXFileReference; lastKnownFileType = sourcecode.swift; path = SettingView.swift; sourceTree = "<group>"; };
		18B79A3628CE139000186AFA /* SettingViewController.swift */ = {isa = PBXFileReference; lastKnownFileType = sourcecode.swift; path = SettingViewController.swift; sourceTree = "<group>"; };
		18B79A3828CE1A8700186AFA /* .gitignore */ = {isa = PBXFileReference; lastKnownFileType = text; path = .gitignore; sourceTree = "<group>"; };
		18B79A3A28CE201700186AFA /* DdayView.swift */ = {isa = PBXFileReference; lastKnownFileType = sourcecode.swift; path = DdayView.swift; sourceTree = "<group>"; };
		18B79A3C28CE202000186AFA /* DdayViewController.swift */ = {isa = PBXFileReference; lastKnownFileType = sourcecode.swift; path = DdayViewController.swift; sourceTree = "<group>"; };
		18B79A3E28CE202F00186AFA /* DdayTableViewCell.swift */ = {isa = PBXFileReference; lastKnownFileType = sourcecode.swift; path = DdayTableViewCell.swift; sourceTree = "<group>"; };
		18B79A4128CE215B00186AFA /* DdayWriteView.swift */ = {isa = PBXFileReference; lastKnownFileType = sourcecode.swift; path = DdayWriteView.swift; sourceTree = "<group>"; };
		18B79A4328CE217000186AFA /* DdayWriteViewController.swift */ = {isa = PBXFileReference; lastKnownFileType = sourcecode.swift; path = DdayWriteViewController.swift; sourceTree = "<group>"; };
		18B79A4928CF41AB00186AFA /* PopupZeroView.swift */ = {isa = PBXFileReference; lastKnownFileType = sourcecode.swift; path = PopupZeroView.swift; sourceTree = "<group>"; };
		18B79A4B28CF41B300186AFA /* PopupZeroViewController.swift */ = {isa = PBXFileReference; lastKnownFileType = sourcecode.swift; path = PopupZeroViewController.swift; sourceTree = "<group>"; };
		18B79A4D28CF4D6600186AFA /* UserDefaultsHelper.swift */ = {isa = PBXFileReference; lastKnownFileType = sourcecode.swift; path = UserDefaultsHelper.swift; sourceTree = "<group>"; };
		18B79A4F28D05CEB00186AFA /* PageViewController.swift */ = {isa = PBXFileReference; lastKnownFileType = sourcecode.swift; path = PageViewController.swift; sourceTree = "<group>"; };
		18B79A5128D0636E00186AFA /* PopupOneView.swift */ = {isa = PBXFileReference; lastKnownFileType = sourcecode.swift; path = PopupOneView.swift; sourceTree = "<group>"; };
		18B79A5328D0637900186AFA /* PopupOneViewController.swift */ = {isa = PBXFileReference; lastKnownFileType = sourcecode.swift; path = PopupOneViewController.swift; sourceTree = "<group>"; };
		18B79A5528D0B03700186AFA /* MainTableViewCell.swift */ = {isa = PBXFileReference; lastKnownFileType = sourcecode.swift; path = MainTableViewCell.swift; sourceTree = "<group>"; };
		18B79A5B28D1DFD600186AFA /* BackgroundImageView.swift */ = {isa = PBXFileReference; lastKnownFileType = sourcecode.swift; path = BackgroundImageView.swift; sourceTree = "<group>"; };
		18CDA4FE28ED514200ECC540 /* BackupRestoreView.swift */ = {isa = PBXFileReference; lastKnownFileType = sourcecode.swift; path = BackupRestoreView.swift; sourceTree = "<group>"; };
		18CDA50028ED515700ECC540 /* BackupRestoreViewController.swift */ = {isa = PBXFileReference; lastKnownFileType = sourcecode.swift; path = BackupRestoreViewController.swift; sourceTree = "<group>"; };
		18CDA50228ED83BC00ECC540 /* FileManager+Extension.swift */ = {isa = PBXFileReference; lastKnownFileType = sourcecode.swift; path = "FileManager+Extension.swift"; sourceTree = "<group>"; };
		18D8F96828D96BAA00179869 /* ThemeHelper.swift */ = {isa = PBXFileReference; lastKnownFileType = sourcecode.swift; path = ThemeHelper.swift; sourceTree = "<group>"; };
		18D8F96B28D98DBB00179869 /* CutomWriteButton.swift */ = {isa = PBXFileReference; lastKnownFileType = sourcecode.swift; path = CutomWriteButton.swift; sourceTree = "<group>"; };
		18DE8DA128EA51C900A74345 /* AlarmView.swift */ = {isa = PBXFileReference; lastKnownFileType = sourcecode.swift; path = AlarmView.swift; sourceTree = "<group>"; };
		18DE8DA328EA51D300A74345 /* AlarmViewController.swift */ = {isa = PBXFileReference; lastKnownFileType = sourcecode.swift; path = AlarmViewController.swift; sourceTree = "<group>"; };
		18DE8DA528EA5C9700A74345 /* CustomDayLabel.swift */ = {isa = PBXFileReference; lastKnownFileType = sourcecode.swift; path = CustomDayLabel.swift; sourceTree = "<group>"; };
		18DE8DA728EA5CE800A74345 /* CustomDayButton.swift */ = {isa = PBXFileReference; lastKnownFileType = sourcecode.swift; path = CustomDayButton.swift; sourceTree = "<group>"; };
		18DE8DAA28EA5D3C00A74345 /* CustomDaySwitchButton.swift */ = {isa = PBXFileReference; lastKnownFileType = sourcecode.swift; path = CustomDaySwitchButton.swift; sourceTree = "<group>"; };
		18DE8DAC28EA5E0400A74345 /* AlarmTableViewCell.swift */ = {isa = PBXFileReference; lastKnownFileType = sourcecode.swift; path = AlarmTableViewCell.swift; sourceTree = "<group>"; };
		18DE8DB028EA750800A74345 /* Week.swift */ = {isa = PBXFileReference; lastKnownFileType = sourcecode.swift; path = Week.swift; sourceTree = "<group>"; };
		18E2AB7028D3BB330010AAB2 /* ScheduleRealmModel.swift */ = {isa = PBXFileReference; lastKnownFileType = sourcecode.swift; path = ScheduleRealmModel.swift; sourceTree = "<group>"; };
		18E2AB7228D3BC0F0010AAB2 /* ScheduleRepository.swift */ = {isa = PBXFileReference; lastKnownFileType = sourcecode.swift; path = ScheduleRepository.swift; sourceTree = "<group>"; };
/* End PBXFileReference section */

/* Begin PBXFrameworksBuildPhase section */
		18B799E428CCAB9400186AFA /* Frameworks */ = {
			isa = PBXFrameworksBuildPhase;
			buildActionMask = 2147483647;
			files = (
				1881D1F128F56C31009A7E7B /* FirebaseMessaging in Frameworks */,
				1881D1B128EE405E009A7E7B /* RealmSwift in Frameworks */,
				1881D1ED28F56C30009A7E7B /* FirebaseAnalyticsWithoutAdIdSupport in Frameworks */,
				18B79A1F28CDE81400186AFA /* SnapKit in Frameworks */,
				1881D1EF28F56C30009A7E7B /* FirebaseCrashlytics in Frameworks */,
				18B79A5928D1D64500186AFA /* FSCalendar in Frameworks */,
				18CDA50628ED846900ECC540 /* Zip in Frameworks */,
				1881D1B328EE4063009A7E7B /* Realm in Frameworks */,
			);
			runOnlyForDeploymentPostprocessing = 0;
		};
/* End PBXFrameworksBuildPhase section */

/* Begin PBXGroup section */
		187087FD28D89DB1001D11ED /* CustomTableHeaderView */ = {
			isa = PBXGroup;
			children = (
				187087FB28D7FDF4001D11ED /* DdayTableHeaderView.swift */,
			);
			path = CustomTableHeaderView;
			sourceTree = "<group>";
		};
		187087FF28D89EB6001D11ED /* CustomDatePicker */ = {
			isa = PBXGroup;
			children = (
				1814481028D3309300BEA60C /* DatePIckerView.swift */,
				1814480E28D329BB00BEA60C /* DatePIckerViewController.swift */,
			);
			path = CustomDatePicker;
			sourceTree = "<group>";
		};
		187C416628E57053005A6623 /* FAQ */ = {
			isa = PBXGroup;
			children = (
				187C416728E57067005A6623 /* FAQView.swift */,
				187C416928E57076005A6623 /* FAQViewController.swift */,
			);
			path = FAQ;
			sourceTree = "<group>";
		};
		1881D1B628F39A29009A7E7B /* Localizable */ = {
			isa = PBXGroup;
			children = (
				1881D1C428F39F2A009A7E7B /* Localizable.strings */,
				1881D1D728F53817009A7E7B /* InfoPlist.strings */,
			);
			path = Localizable;
			sourceTree = "<group>";
		};
		1881D1DE28F53CEF009A7E7B /* APIManager */ = {
			isa = PBXGroup;
			children = (
				1881D1E328F53D96009A7E7B /* Weather.swift */,
				1881D1DF28F53D04009A7E7B /* WeatherAPIManager.swift */,
			);
			path = APIManager;
			sourceTree = "<group>";
		};
		18AF777D28DC6B3000D61E5D /* License */ = {
			isa = PBXGroup;
			children = (
				18AF777E28DC6B5400D61E5D /* License.swift */,
				18AF778928DC721F00D61E5D /* LicenseTableViewCell.swift */,
				18AF778028DC6E6800D61E5D /* LicenseView.swift */,
				18AF778228DC703C00D61E5D /* LicenseViewController.swift */,
				18AF778528DC709E00D61E5D /* LicenseDetailView.swift */,
				18AF778728DC70A600D61E5D /* LicenseDetailViewController.swift */,
			);
			path = License;
			sourceTree = "<group>";
		};
		18AF778B28DC7C8500D61E5D /* AppInfo */ = {
			isa = PBXGroup;
			children = (
				18AF779128DCAA5D00D61E5D /* AppInfoView.swift */,
				18AF779328DCAA6800D61E5D /* AppInfoViewController.swift */,
			);
			path = AppInfo;
			sourceTree = "<group>";
		};
		18AF778C28DC95E800D61E5D /* ThemeType */ = {
			isa = PBXGroup;
			children = (
				18AF778D28DC95FE00D61E5D /* ThemeView.swift */,
				18AF778F28DC962700D61E5D /* ThemeViewController.swift */,
			);
			path = ThemeType;
			sourceTree = "<group>";
		};
		18AF779528DCB6A900D61E5D /* BackupRestore */ = {
			isa = PBXGroup;
			children = (
				18CDA4FE28ED514200ECC540 /* BackupRestoreView.swift */,
				18CDA50028ED515700ECC540 /* BackupRestoreViewController.swift */,
			);
			path = BackupRestore;
			sourceTree = "<group>";
		};
		18AF77A028E08AAD00D61E5D /* Cell */ = {
			isa = PBXGroup;
			children = (
				18AF779E28E0863E00D61E5D /* MainProfileTableViewCell.swift */,
				18B79A5528D0B03700186AFA /* MainTableViewCell.swift */,
				18AF77A128E08AC400D61E5D /* MainScheduleTableViewCell.swift */,
				18AF77A328E08AE800D61E5D /* MainDdayTableViewCell.swift */,
				1881D1D928F53A17009A7E7B /* MainWeatherTableViewCell.swift */,
			);
			path = Cell;
			sourceTree = "<group>";
		};
		18AF77A628E092E800D61E5D /* Profile */ = {
			isa = PBXGroup;
			children = (
				18AF77A728E092FB00D61E5D /* ProfileSettingView.swift */,
				18AF77A928E0930800D61E5D /* ProfileSettingViewController.swift */,
			);
			path = Profile;
			sourceTree = "<group>";
		};
		18B799DE28CCAB9400186AFA = {
			isa = PBXGroup;
			children = (
				18B79A3828CE1A8700186AFA /* .gitignore */,
				187C415B28E3A44A005A6623 /* readme.md */,
				18B799E928CCAB9400186AFA /* MakeMyDay */,
				18B799E828CCAB9400186AFA /* Products */,
				18E9EAEA28E36411001757F5 /* Frameworks */,
			);
			sourceTree = "<group>";
		};
		18B799E828CCAB9400186AFA /* Products */ = {
			isa = PBXGroup;
			children = (
				18B799E728CCAB9400186AFA /* MakeMyDay.app */,
			);
			name = Products;
			sourceTree = "<group>";
		};
		18B799E928CCAB9400186AFA /* MakeMyDay */ = {
			isa = PBXGroup;
			children = (
				1881D1E828F5517E009A7E7B /* MakeMyDay.entitlements */,
				1881D1DE28F53CEF009A7E7B /* APIManager */,
				1881D1B628F39A29009A7E7B /* Localizable */,
				18E2AB6F28D3BB1C0010AAB2 /* Realm */,
				18B79A1628CCCBCC00186AFA /* Extension */,
				18B79A1528CCCBB300186AFA /* Constant */,
				18B79A0028CCB2EC00186AFA /* Base */,
				18B799FE28CCB2D700186AFA /* Scene */,
				18B799EA28CCAB9400186AFA /* AppDelegate.swift */,
				18B799EC28CCAB9400186AFA /* SceneDelegate.swift */,
				18B799F328CCAB9600186AFA /* Assets.xcassets */,
				18B799F528CCAB9600186AFA /* LaunchScreen.storyboard */,
				18B799F828CCAB9600186AFA /* Info.plist */,
				1881D1E928F56B57009A7E7B /* GoogleService-Info.plist */,
				1881D1D128F52BA2009A7E7B /* APIKey.swift */,
			);
			path = MakeMyDay;
			sourceTree = "<group>";
		};
		18B799FE28CCB2D700186AFA /* Scene */ = {
			isa = PBXGroup;
			children = (
				18B79A2028CDF65900186AFA /* Tabbar */,
				18B799FF28CCB2E000186AFA /* Main */,
				18B79A1228CCBE4300186AFA /* Schedule */,
				18B79A1428CCBE6600186AFA /* Dday */,
				18B79A1328CCBE5B00186AFA /* Setting */,
				18B79A0728CCB41300186AFA /* Popup */,
			);
			path = Scene;
			sourceTree = "<group>";
		};
		18B799FF28CCB2E000186AFA /* Main */ = {
			isa = PBXGroup;
			children = (
				18DE8DA028EA51B800A74345 /* Alarm */,
				18B79A0828CCB49500186AFA /* MainView.swift */,
				18B799EE28CCAB9400186AFA /* MainViewController.swift */,
				18AF77A028E08AAD00D61E5D /* Cell */,
			);
			path = Main;
			sourceTree = "<group>";
		};
		18B79A0028CCB2EC00186AFA /* Base */ = {
			isa = PBXGroup;
			children = (
				18B79A0128CCB3A900186AFA /* BaseViewController.swift */,
				18B79A0328CCB3B200186AFA /* BaseView.swift */,
				18B79A0528CCB3B900186AFA /* BaseTableViewCell.swift */,
			);
			path = Base;
			sourceTree = "<group>";
		};
		18B79A0728CCB41300186AFA /* Popup */ = {
			isa = PBXGroup;
			children = (
				18B79A4928CF41AB00186AFA /* PopupZeroView.swift */,
				18B79A4B28CF41B300186AFA /* PopupZeroViewController.swift */,
				18B79A5128D0636E00186AFA /* PopupOneView.swift */,
				18B79A5328D0637900186AFA /* PopupOneViewController.swift */,
				18B79A4F28D05CEB00186AFA /* PageViewController.swift */,
			);
			path = Popup;
			sourceTree = "<group>";
		};
		18B79A1228CCBE4300186AFA /* Schedule */ = {
			isa = PBXGroup;
			children = (
				18B79A2528CDF81100186AFA /* ScheduleView.swift */,
				18B79A2328CDF80500186AFA /* ScheduleViewController.swift */,
				18B79A2728CDF82300186AFA /* ScheduleTableViewCell.swift */,
				1814480A28D3246B00BEA60C /* ScheduleWriteView.swift */,
				1814480C28D3247600BEA60C /* ScheduleWriteViewController.swift */,
			);
			path = Schedule;
			sourceTree = "<group>";
		};
		18B79A1328CCBE5B00186AFA /* Setting */ = {
			isa = PBXGroup;
			children = (
				187C416628E57053005A6623 /* FAQ */,
				18AF77A628E092E800D61E5D /* Profile */,
				18AF779528DCB6A900D61E5D /* BackupRestore */,
				18AF778B28DC7C8500D61E5D /* AppInfo */,
				18AF777D28DC6B3000D61E5D /* License */,
				18AF778C28DC95E800D61E5D /* ThemeType */,
				18AF777B28DC696600D61E5D /* SettingMenu.swift */,
				18B79A3428CE138600186AFA /* SettingView.swift */,
				18B79A3628CE139000186AFA /* SettingViewController.swift */,
				18AF777828DC683200D61E5D /* SettingTableViewCell.swift */,
			);
			path = Setting;
			sourceTree = "<group>";
		};
		18B79A1428CCBE6600186AFA /* Dday */ = {
			isa = PBXGroup;
			children = (
				18B79A3A28CE201700186AFA /* DdayView.swift */,
				18B79A3C28CE202000186AFA /* DdayViewController.swift */,
				18B79A3E28CE202F00186AFA /* DdayTableViewCell.swift */,
				18B79A4128CE215B00186AFA /* DdayWriteView.swift */,
				18B79A4328CE217000186AFA /* DdayWriteViewController.swift */,
			);
			path = Dday;
			sourceTree = "<group>";
		};
		18B79A1528CCCBB300186AFA /* Constant */ = {
			isa = PBXGroup;
			children = (
				18DE8DA928EA5D2F00A74345 /* CustomSwitch */,
				18D8F96A28D98DB200179869 /* CustomButton */,
				187087FF28D89EB6001D11ED /* CustomDatePicker */,
				187087FD28D89DB1001D11ED /* CustomTableHeaderView */,
				18B79A2F28CE0EDF00186AFA /* CustomLabel */,
				18B79A2C28CE0B0600186AFA /* CustomImageView */,
				18B79A2B28CE0AFF00186AFA /* Color */,
				18B79A4D28CF4D6600186AFA /* UserDefaultsHelper.swift */,
				18D8F96828D96BAA00179869 /* ThemeHelper.swift */,
			);
			path = Constant;
			sourceTree = "<group>";
		};
		18B79A1628CCCBCC00186AFA /* Extension */ = {
			isa = PBXGroup;
			children = (
				18B79A1728CCCBEB00186AFA /* ReusableProtocol.swift */,
				18B79A1928CCCC7100186AFA /* UIViewController+Extension.swift */,
				187C415F28E416FD005A6623 /* Date+Extension.swift */,
				187C416128E4653B005A6623 /* String+Extension.swift */,
				18CDA50228ED83BC00ECC540 /* FileManager+Extension.swift */,
				18B79A1B28CCCC8D00186AFA /* Transition+Extension.swift */,
				18AF77CB28E1B04100D61E5D /* ImageFileManager.swift */,
			);
			path = Extension;
			sourceTree = "<group>";
		};
		18B79A2028CDF65900186AFA /* Tabbar */ = {
			isa = PBXGroup;
			children = (
				18B79A2128CDF66B00186AFA /* TabBarController.swift */,
			);
			path = Tabbar;
			sourceTree = "<group>";
		};
		18B79A2B28CE0AFF00186AFA /* Color */ = {
			isa = PBXGroup;
			children = (
				18B79A2928CDFB7E00186AFA /* Color.swift */,
			);
			path = Color;
			sourceTree = "<group>";
		};
		18B79A2C28CE0B0600186AFA /* CustomImageView */ = {
			isa = PBXGroup;
			children = (
				18B79A5B28D1DFD600186AFA /* BackgroundImageView.swift */,
				187087F528D7FDB4001D11ED /* CellShortCustomImageView.swift */,
				1881D1E528F54519009A7E7B /* CellLargeCustomImageView.swift */,
				18B79A2D28CE0B2200186AFA /* CustomImageView.swift */,
			);
			path = CustomImageView;
			sourceTree = "<group>";
		};
		18B79A2F28CE0EDF00186AFA /* CustomLabel */ = {
			isa = PBXGroup;
			children = (
				18B79A3028CE0EF000186AFA /* CustomLabel.swift */,
				18DE8DA528EA5C9700A74345 /* CustomDayLabel.swift */,
			);
			path = CustomLabel;
			sourceTree = "<group>";
		};
		18D8F96A28D98DB200179869 /* CustomButton */ = {
			isa = PBXGroup;
			children = (
				18D8F96B28D98DBB00179869 /* CutomWriteButton.swift */,
				18DE8DA728EA5CE800A74345 /* CustomDayButton.swift */,
			);
			path = CustomButton;
			sourceTree = "<group>";
		};
		18DE8DA028EA51B800A74345 /* Alarm */ = {
			isa = PBXGroup;
			children = (
				18DE8DB028EA750800A74345 /* Week.swift */,
				18DE8DA128EA51C900A74345 /* AlarmView.swift */,
				18DE8DA328EA51D300A74345 /* AlarmViewController.swift */,
				18DE8DAC28EA5E0400A74345 /* AlarmTableViewCell.swift */,
			);
			path = Alarm;
			sourceTree = "<group>";
		};
		18DE8DA928EA5D2F00A74345 /* CustomSwitch */ = {
			isa = PBXGroup;
			children = (
				18DE8DAA28EA5D3C00A74345 /* CustomDaySwitchButton.swift */,
			);
			path = CustomSwitch;
			sourceTree = "<group>";
		};
		18E2AB6F28D3BB1C0010AAB2 /* Realm */ = {
			isa = PBXGroup;
			children = (
				18E2AB7028D3BB330010AAB2 /* ScheduleRealmModel.swift */,
				18E2AB7228D3BC0F0010AAB2 /* ScheduleRepository.swift */,
				187087F728D7FDCD001D11ED /* DdayRealmModel.swift */,
				187087F828D7FDCD001D11ED /* DdayRepository.swift */,
			);
			path = Realm;
			sourceTree = "<group>";
		};
		18E9EAEA28E36411001757F5 /* Frameworks */ = {
			isa = PBXGroup;
			children = (
			);
			name = Frameworks;
			sourceTree = "<group>";
		};
/* End PBXGroup section */

/* Begin PBXNativeTarget section */
		18B799E628CCAB9400186AFA /* MakeMyDay */ = {
			isa = PBXNativeTarget;
			buildConfigurationList = 18B799FB28CCAB9600186AFA /* Build configuration list for PBXNativeTarget "MakeMyDay" */;
			buildPhases = (
				18B799E328CCAB9400186AFA /* Sources */,
				18B799E428CCAB9400186AFA /* Frameworks */,
				18B799E528CCAB9400186AFA /* Resources */,
			);
			buildRules = (
			);
			dependencies = (
			);
			name = MakeMyDay;
			packageProductDependencies = (
				18B79A1E28CDE81400186AFA /* SnapKit */,
				18B79A5828D1D64500186AFA /* FSCalendar */,
				18CDA50528ED846900ECC540 /* Zip */,
				1881D1B028EE405E009A7E7B /* RealmSwift */,
				1881D1B228EE4063009A7E7B /* Realm */,
				1881D1EC28F56C30009A7E7B /* FirebaseAnalyticsWithoutAdIdSupport */,
				1881D1EE28F56C30009A7E7B /* FirebaseCrashlytics */,
				1881D1F028F56C31009A7E7B /* FirebaseMessaging */,
			);
			productName = MakeMyDay;
			productReference = 18B799E728CCAB9400186AFA /* MakeMyDay.app */;
			productType = "com.apple.product-type.application";
		};
/* End PBXNativeTarget section */

/* Begin PBXProject section */
		18B799DF28CCAB9400186AFA /* Project object */ = {
			isa = PBXProject;
			attributes = {
				BuildIndependentTargetsInParallel = 1;
				LastSwiftUpdateCheck = 1340;
				LastUpgradeCheck = 1340;
				TargetAttributes = {
					18B799E628CCAB9400186AFA = {
						CreatedOnToolsVersion = 13.4.1;
					};
				};
			};
			buildConfigurationList = 18B799E228CCAB9400186AFA /* Build configuration list for PBXProject "MakeMyDay" */;
			compatibilityVersion = "Xcode 13.0";
			developmentRegion = en;
			hasScannedForEncodings = 0;
			knownRegions = (
				en,
				Base,
				ko,
				ja,
				"zh-Hans",
				"zh-Hant",
				"en-GB",
				"en-IN",
				"en-AU",
				id,
				fr,
				de,
				th,
				vi,
				uk,
			);
			mainGroup = 18B799DE28CCAB9400186AFA;
			packageReferences = (
				18B79A1D28CDE81400186AFA /* XCRemoteSwiftPackageReference "SnapKit" */,
				18B79A5728D1D64500186AFA /* XCRemoteSwiftPackageReference "FSCalendar" */,
				18CDA50428ED846900ECC540 /* XCRemoteSwiftPackageReference "Zip" */,
				18CDA50728EDB74500ECC540 /* XCRemoteSwiftPackageReference "realm-swift" */,
				1881D1EB28F56C30009A7E7B /* XCRemoteSwiftPackageReference "firebase-ios-sdk" */,
			);
			productRefGroup = 18B799E828CCAB9400186AFA /* Products */;
			projectDirPath = "";
			projectRoot = "";
			targets = (
				18B799E628CCAB9400186AFA /* MakeMyDay */,
			);
		};
/* End PBXProject section */

/* Begin PBXResourcesBuildPhase section */
		18B799E528CCAB9400186AFA /* Resources */ = {
			isa = PBXResourcesBuildPhase;
			buildActionMask = 2147483647;
			files = (
				1881D1C228F39F2A009A7E7B /* Localizable.strings in Resources */,
				1881D1D528F53817009A7E7B /* InfoPlist.strings in Resources */,
				18B799F728CCAB9600186AFA /* LaunchScreen.storyboard in Resources */,
				18B79A3928CE1A8700186AFA /* .gitignore in Resources */,
				187C415C28E3A44A005A6623 /* readme.md in Resources */,
				18B799F428CCAB9600186AFA /* Assets.xcassets in Resources */,
				1881D1EA28F56B57009A7E7B /* GoogleService-Info.plist in Resources */,
			);
			runOnlyForDeploymentPostprocessing = 0;
		};
/* End PBXResourcesBuildPhase section */

/* Begin PBXSourcesBuildPhase section */
		18B799E328CCAB9400186AFA /* Sources */ = {
			isa = PBXSourcesBuildPhase;
			buildActionMask = 2147483647;
			files = (
				18D8F96C28D98DBB00179869 /* CutomWriteButton.swift in Sources */,
				18DE8DA828EA5CE800A74345 /* CustomDayButton.swift in Sources */,
				18AF778A28DC721F00D61E5D /* LicenseTableViewCell.swift in Sources */,
				18CDA50128ED515700ECC540 /* BackupRestoreViewController.swift in Sources */,
				187087FA28D7FDCD001D11ED /* DdayRepository.swift in Sources */,
				18AF779F28E0863E00D61E5D /* MainProfileTableViewCell.swift in Sources */,
				18B79A1A28CCCC7100186AFA /* UIViewController+Extension.swift in Sources */,
				18B799EF28CCAB9400186AFA /* MainViewController.swift in Sources */,
				18B79A2228CDF66C00186AFA /* TabBarController.swift in Sources */,
				18AF77A428E08AE800D61E5D /* MainDdayTableViewCell.swift in Sources */,
				18B79A3528CE138600186AFA /* SettingView.swift in Sources */,
				18B79A2428CDF80500186AFA /* ScheduleViewController.swift in Sources */,
				18B79A5228D0636E00186AFA /* PopupOneView.swift in Sources */,
				18B79A0928CCB49500186AFA /* MainView.swift in Sources */,
				187C416A28E57076005A6623 /* FAQViewController.swift in Sources */,
				18AF77A228E08AC400D61E5D /* MainScheduleTableViewCell.swift in Sources */,
				18B79A3128CE0EF000186AFA /* CustomLabel.swift in Sources */,
				18AF777F28DC6B5400D61E5D /* License.swift in Sources */,
				18AF77CC28E1B04100D61E5D /* ImageFileManager.swift in Sources */,
				1814480F28D329BB00BEA60C /* DatePIckerViewController.swift in Sources */,
				1814480D28D3247600BEA60C /* ScheduleWriteViewController.swift in Sources */,
				18B79A0228CCB3A900186AFA /* BaseViewController.swift in Sources */,
				18AF77A828E092FB00D61E5D /* ProfileSettingView.swift in Sources */,
				18B79A4A28CF41AB00186AFA /* PopupZeroView.swift in Sources */,
				187C416028E416FD005A6623 /* Date+Extension.swift in Sources */,
				18B79A1C28CCCC8D00186AFA /* Transition+Extension.swift in Sources */,
				18AF777C28DC696600D61E5D /* SettingMenu.swift in Sources */,
				18B79A5428D0637900186AFA /* PopupOneViewController.swift in Sources */,
				18CDA4FF28ED514200ECC540 /* BackupRestoreView.swift in Sources */,
				18DE8DA428EA51D300A74345 /* AlarmViewController.swift in Sources */,
				187087FC28D7FDF4001D11ED /* DdayTableHeaderView.swift in Sources */,
				18E2AB7328D3BC0F0010AAB2 /* ScheduleRepository.swift in Sources */,
				18B79A0428CCB3B200186AFA /* BaseView.swift in Sources */,
				18CDA50328ED83BC00ECC540 /* FileManager+Extension.swift in Sources */,
				1881D1E028F53D04009A7E7B /* WeatherAPIManager.swift in Sources */,
				18DE8DB128EA750800A74345 /* Week.swift in Sources */,
				18DE8DA628EA5C9800A74345 /* CustomDayLabel.swift in Sources */,
				18D8F96928D96BAA00179869 /* ThemeHelper.swift in Sources */,
				18B79A3B28CE201700186AFA /* DdayView.swift in Sources */,
				187087F928D7FDCD001D11ED /* DdayRealmModel.swift in Sources */,
				1881D1E428F53D96009A7E7B /* Weather.swift in Sources */,
				18B79A2A28CDFB7E00186AFA /* Color.swift in Sources */,
				18DE8DAB28EA5D3C00A74345 /* CustomDaySwitchButton.swift in Sources */,
				18B79A4428CE217000186AFA /* DdayWriteViewController.swift in Sources */,
				18AF779428DCAA6800D61E5D /* AppInfoViewController.swift in Sources */,
				18B79A2E28CE0B2200186AFA /* CustomImageView.swift in Sources */,
				18B79A3D28CE202000186AFA /* DdayViewController.swift in Sources */,
				18E2AB7128D3BB330010AAB2 /* ScheduleRealmModel.swift in Sources */,
				18AF777928DC683200D61E5D /* SettingTableViewCell.swift in Sources */,
				18B79A2828CDF82300186AFA /* ScheduleTableViewCell.swift in Sources */,
				18B799EB28CCAB9400186AFA /* AppDelegate.swift in Sources */,
				18AF778E28DC95FE00D61E5D /* ThemeView.swift in Sources */,
				1881D1E628F54519009A7E7B /* CellLargeCustomImageView.swift in Sources */,
				1881D1D228F52BA2009A7E7B /* APIKey.swift in Sources */,
				18B79A0628CCB3B900186AFA /* BaseTableViewCell.swift in Sources */,
				187C416828E57067005A6623 /* FAQView.swift in Sources */,
				187087F628D7FDB4001D11ED /* CellShortCustomImageView.swift in Sources */,
				18B79A5628D0B03700186AFA /* MainTableViewCell.swift in Sources */,
				18B79A4228CE215B00186AFA /* DdayWriteView.swift in Sources */,
				18B79A5C28D1DFD600186AFA /* BackgroundImageView.swift in Sources */,
				18B79A4E28CF4D6600186AFA /* UserDefaultsHelper.swift in Sources */,
				18B79A5028D05CEB00186AFA /* PageViewController.swift in Sources */,
				18B79A1828CCCBEB00186AFA /* ReusableProtocol.swift in Sources */,
				18B79A3728CE139000186AFA /* SettingViewController.swift in Sources */,
				18AF779228DCAA5D00D61E5D /* AppInfoView.swift in Sources */,
				18B79A2628CDF81100186AFA /* ScheduleView.swift in Sources */,
				1814480B28D3246B00BEA60C /* ScheduleWriteView.swift in Sources */,
				18B799ED28CCAB9400186AFA /* SceneDelegate.swift in Sources */,
				18AF778128DC6E6800D61E5D /* LicenseView.swift in Sources */,
				18DE8DA228EA51C900A74345 /* AlarmView.swift in Sources */,
				18AF778328DC703C00D61E5D /* LicenseViewController.swift in Sources */,
				18DE8DAD28EA5E0400A74345 /* AlarmTableViewCell.swift in Sources */,
				1881D1DA28F53A17009A7E7B /* MainWeatherTableViewCell.swift in Sources */,
				18B79A3F28CE202F00186AFA /* DdayTableViewCell.swift in Sources */,
				187C416228E4653B005A6623 /* String+Extension.swift in Sources */,
				18AF779028DC962700D61E5D /* ThemeViewController.swift in Sources */,
				18B79A4C28CF41B300186AFA /* PopupZeroViewController.swift in Sources */,
				18AF778628DC709E00D61E5D /* LicenseDetailView.swift in Sources */,
				18AF77AA28E0930800D61E5D /* ProfileSettingViewController.swift in Sources */,
				1814481128D3309300BEA60C /* DatePIckerView.swift in Sources */,
				18AF778828DC70A600D61E5D /* LicenseDetailViewController.swift in Sources */,
			);
			runOnlyForDeploymentPostprocessing = 0;
		};
/* End PBXSourcesBuildPhase section */

/* Begin PBXVariantGroup section */
		1881D1C428F39F2A009A7E7B /* Localizable.strings */ = {
			isa = PBXVariantGroup;
			children = (
				1881D1C328F39F2A009A7E7B /* en */,
				1881D1C628F39F55009A7E7B /* ko */,
				1881D1FC28F7C06F009A7E7B /* ja */,
				1881D1FF28FD16DB009A7E7B /* zh-Hans */,
				1881D20228FD1BEA009A7E7B /* zh-Hant */,
				1881D20528FD1F46009A7E7B /* en-GB */,
				1881D20828FD1F86009A7E7B /* en-IN */,
				1881D20B28FD1F8D009A7E7B /* en-AU */,
				1881D20E28FD2146009A7E7B /* id */,
				1881D21128FD255A009A7E7B /* fr */,
				1881D21428FD30D0009A7E7B /* de */,
				1881D21728FD3393009A7E7B /* th */,
				1881D21A28FD358F009A7E7B /* vi */,
				1881D21D28FD36F9009A7E7B /* uk */,
			);
			name = Localizable.strings;
			sourceTree = "<group>";
		};
		1881D1D728F53817009A7E7B /* InfoPlist.strings */ = {
			isa = PBXVariantGroup;
			children = (
				1881D1D628F53817009A7E7B /* ko */,
				1881D1D828F5381C009A7E7B /* en */,
				1881D1FD28F7C06F009A7E7B /* ja */,
				1881D20028FD16DB009A7E7B /* zh-Hans */,
				1881D20328FD1BEA009A7E7B /* zh-Hant */,
				1881D20628FD1F46009A7E7B /* en-GB */,
				1881D20928FD1F86009A7E7B /* en-IN */,
				1881D20C28FD1F8E009A7E7B /* en-AU */,
				1881D20F28FD2147009A7E7B /* id */,
				1881D21228FD255A009A7E7B /* fr */,
				1881D21528FD30D0009A7E7B /* de */,
				1881D21828FD3393009A7E7B /* th */,
				1881D21B28FD358F009A7E7B /* vi */,
				1881D21E28FD36F9009A7E7B /* uk */,
			);
			name = InfoPlist.strings;
			sourceTree = "<group>";
		};
		18B799F528CCAB9600186AFA /* LaunchScreen.storyboard */ = {
			isa = PBXVariantGroup;
			children = (
				18B799F628CCAB9600186AFA /* Base */,
				1881D1C528F39F55009A7E7B /* ko */,
				1881D1FB28F7C06F009A7E7B /* ja */,
				1881D1FE28FD16DB009A7E7B /* zh-Hans */,
				1881D20128FD1BEA009A7E7B /* zh-Hant */,
				1881D20428FD1F46009A7E7B /* en-GB */,
				1881D20728FD1F85009A7E7B /* en-IN */,
				1881D20A28FD1F8D009A7E7B /* en-AU */,
				1881D20D28FD2146009A7E7B /* id */,
				1881D21028FD255A009A7E7B /* fr */,
				1881D21328FD30D0009A7E7B /* de */,
				1881D21628FD3392009A7E7B /* th */,
				1881D21928FD358F009A7E7B /* vi */,
				1881D21C28FD36F9009A7E7B /* uk */,
			);
			name = LaunchScreen.storyboard;
			sourceTree = "<group>";
		};
/* End PBXVariantGroup section */

/* Begin XCBuildConfiguration section */
		18B799F928CCAB9600186AFA /* Debug */ = {
			isa = XCBuildConfiguration;
			buildSettings = {
				ALWAYS_SEARCH_USER_PATHS = NO;
				CLANG_ANALYZER_LOCALIZABILITY_NONLOCALIZED = YES;
				CLANG_ANALYZER_NONNULL = YES;
				CLANG_ANALYZER_NUMBER_OBJECT_CONVERSION = YES_AGGRESSIVE;
				CLANG_CXX_LANGUAGE_STANDARD = "gnu++17";
				CLANG_ENABLE_MODULES = YES;
				CLANG_ENABLE_OBJC_ARC = YES;
				CLANG_ENABLE_OBJC_WEAK = YES;
				CLANG_WARN_BLOCK_CAPTURE_AUTORELEASING = YES;
				CLANG_WARN_BOOL_CONVERSION = YES;
				CLANG_WARN_COMMA = YES;
				CLANG_WARN_CONSTANT_CONVERSION = YES;
				CLANG_WARN_DEPRECATED_OBJC_IMPLEMENTATIONS = YES;
				CLANG_WARN_DIRECT_OBJC_ISA_USAGE = YES_ERROR;
				CLANG_WARN_DOCUMENTATION_COMMENTS = YES;
				CLANG_WARN_EMPTY_BODY = YES;
				CLANG_WARN_ENUM_CONVERSION = YES;
				CLANG_WARN_INFINITE_RECURSION = YES;
				CLANG_WARN_INT_CONVERSION = YES;
				CLANG_WARN_NON_LITERAL_NULL_CONVERSION = YES;
				CLANG_WARN_OBJC_IMPLICIT_RETAIN_SELF = YES;
				CLANG_WARN_OBJC_LITERAL_CONVERSION = YES;
				CLANG_WARN_OBJC_ROOT_CLASS = YES_ERROR;
				CLANG_WARN_QUOTED_INCLUDE_IN_FRAMEWORK_HEADER = YES;
				CLANG_WARN_RANGE_LOOP_ANALYSIS = YES;
				CLANG_WARN_STRICT_PROTOTYPES = YES;
				CLANG_WARN_SUSPICIOUS_MOVE = YES;
				CLANG_WARN_UNGUARDED_AVAILABILITY = YES_AGGRESSIVE;
				CLANG_WARN_UNREACHABLE_CODE = YES;
				CLANG_WARN__DUPLICATE_METHOD_MATCH = YES;
				COPY_PHASE_STRIP = NO;
				DEBUG_INFORMATION_FORMAT = dwarf;
				ENABLE_STRICT_OBJC_MSGSEND = YES;
				ENABLE_TESTABILITY = YES;
				GCC_C_LANGUAGE_STANDARD = gnu11;
				GCC_DYNAMIC_NO_PIC = NO;
				GCC_NO_COMMON_BLOCKS = YES;
				GCC_OPTIMIZATION_LEVEL = 0;
				GCC_PREPROCESSOR_DEFINITIONS = (
					"DEBUG=1",
					"$(inherited)",
				);
				GCC_WARN_64_TO_32_BIT_CONVERSION = YES;
				GCC_WARN_ABOUT_RETURN_TYPE = YES_ERROR;
				GCC_WARN_UNDECLARED_SELECTOR = YES;
				GCC_WARN_UNINITIALIZED_AUTOS = YES_AGGRESSIVE;
				GCC_WARN_UNUSED_FUNCTION = YES;
				GCC_WARN_UNUSED_VARIABLE = YES;
				IPHONEOS_DEPLOYMENT_TARGET = 15.0;
				MTL_ENABLE_DEBUG_INFO = INCLUDE_SOURCE;
				MTL_FAST_MATH = YES;
				ONLY_ACTIVE_ARCH = YES;
				SDKROOT = iphoneos;
				SWIFT_ACTIVE_COMPILATION_CONDITIONS = DEBUG;
				SWIFT_OPTIMIZATION_LEVEL = "-Onone";
			};
			name = Debug;
		};
		18B799FA28CCAB9600186AFA /* Release */ = {
			isa = XCBuildConfiguration;
			buildSettings = {
				ALWAYS_SEARCH_USER_PATHS = NO;
				CLANG_ANALYZER_LOCALIZABILITY_NONLOCALIZED = YES;
				CLANG_ANALYZER_NONNULL = YES;
				CLANG_ANALYZER_NUMBER_OBJECT_CONVERSION = YES_AGGRESSIVE;
				CLANG_CXX_LANGUAGE_STANDARD = "gnu++17";
				CLANG_ENABLE_MODULES = YES;
				CLANG_ENABLE_OBJC_ARC = YES;
				CLANG_ENABLE_OBJC_WEAK = YES;
				CLANG_WARN_BLOCK_CAPTURE_AUTORELEASING = YES;
				CLANG_WARN_BOOL_CONVERSION = YES;
				CLANG_WARN_COMMA = YES;
				CLANG_WARN_CONSTANT_CONVERSION = YES;
				CLANG_WARN_DEPRECATED_OBJC_IMPLEMENTATIONS = YES;
				CLANG_WARN_DIRECT_OBJC_ISA_USAGE = YES_ERROR;
				CLANG_WARN_DOCUMENTATION_COMMENTS = YES;
				CLANG_WARN_EMPTY_BODY = YES;
				CLANG_WARN_ENUM_CONVERSION = YES;
				CLANG_WARN_INFINITE_RECURSION = YES;
				CLANG_WARN_INT_CONVERSION = YES;
				CLANG_WARN_NON_LITERAL_NULL_CONVERSION = YES;
				CLANG_WARN_OBJC_IMPLICIT_RETAIN_SELF = YES;
				CLANG_WARN_OBJC_LITERAL_CONVERSION = YES;
				CLANG_WARN_OBJC_ROOT_CLASS = YES_ERROR;
				CLANG_WARN_QUOTED_INCLUDE_IN_FRAMEWORK_HEADER = YES;
				CLANG_WARN_RANGE_LOOP_ANALYSIS = YES;
				CLANG_WARN_STRICT_PROTOTYPES = YES;
				CLANG_WARN_SUSPICIOUS_MOVE = YES;
				CLANG_WARN_UNGUARDED_AVAILABILITY = YES_AGGRESSIVE;
				CLANG_WARN_UNREACHABLE_CODE = YES;
				CLANG_WARN__DUPLICATE_METHOD_MATCH = YES;
				COPY_PHASE_STRIP = NO;
				DEBUG_INFORMATION_FORMAT = "dwarf-with-dsym";
				ENABLE_NS_ASSERTIONS = NO;
				ENABLE_STRICT_OBJC_MSGSEND = YES;
				GCC_C_LANGUAGE_STANDARD = gnu11;
				GCC_NO_COMMON_BLOCKS = YES;
				GCC_WARN_64_TO_32_BIT_CONVERSION = YES;
				GCC_WARN_ABOUT_RETURN_TYPE = YES_ERROR;
				GCC_WARN_UNDECLARED_SELECTOR = YES;
				GCC_WARN_UNINITIALIZED_AUTOS = YES_AGGRESSIVE;
				GCC_WARN_UNUSED_FUNCTION = YES;
				GCC_WARN_UNUSED_VARIABLE = YES;
				IPHONEOS_DEPLOYMENT_TARGET = 15.0;
				MTL_ENABLE_DEBUG_INFO = NO;
				MTL_FAST_MATH = YES;
				SDKROOT = iphoneos;
				SWIFT_COMPILATION_MODE = wholemodule;
				SWIFT_OPTIMIZATION_LEVEL = "-O";
				VALIDATE_PRODUCT = YES;
			};
			name = Release;
		};
		18B799FC28CCAB9600186AFA /* Debug */ = {
			isa = XCBuildConfiguration;
			buildSettings = {
				ASSETCATALOG_COMPILER_APPICON_NAME = AppIcon;
				ASSETCATALOG_COMPILER_GLOBAL_ACCENT_COLOR_NAME = AccentColor;
				CODE_SIGN_ENTITLEMENTS = MakeMyDay/MakeMyDay.entitlements;
				CODE_SIGN_STYLE = Automatic;
				CURRENT_PROJECT_VERSION = 1;
				DEVELOPMENT_TEAM = UT362X937Q;
				GENERATE_INFOPLIST_FILE = YES;
				INFOPLIST_FILE = MakeMyDay/Info.plist;
				INFOPLIST_KEY_CFBundleDisplayName = MakeMyDay;
				INFOPLIST_KEY_LSApplicationCategoryType = "public.app-category.lifestyle";
				INFOPLIST_KEY_NSLocationWhenInUseUsageDescription = "날씨 정보 검색을 위해 권한이 필요합니다. 허용하시겠습니까?";
				INFOPLIST_KEY_NSPhotoLibraryUsageDescription = "사진 접근을 위해 권한이 필요합니다. 허용하시겠습니까?";
				INFOPLIST_KEY_UIApplicationSupportsIndirectInputEvents = YES;
				INFOPLIST_KEY_UILaunchStoryboardName = LaunchScreen;
				INFOPLIST_KEY_UISupportedInterfaceOrientations = UIInterfaceOrientationPortrait;
				INFOPLIST_KEY_UISupportedInterfaceOrientations_iPad = UIInterfaceOrientationPortrait;
				INFOPLIST_KEY_UISupportedInterfaceOrientations_iPhone = UIInterfaceOrientationPortrait;
				INFOPLIST_KEY_UIUserInterfaceStyle = Light;
				IPHONEOS_DEPLOYMENT_TARGET = 15.0;
				LD_RUNPATH_SEARCH_PATHS = (
					"$(inherited)",
					"@executable_path/Frameworks",
				);
				MARKETING_VERSION = 1.2.4;
				PRODUCT_BUNDLE_IDENTIFIER = io.github.yyyng2.MakeMyDay;
				PRODUCT_NAME = "$(TARGET_NAME)";
				SUPPORTED_PLATFORMS = "iphoneos iphonesimulator";
				SUPPORTS_MACCATALYST = NO;
				SUPPORTS_MAC_DESIGNED_FOR_IPHONE_IPAD = NO;
				SWIFT_EMIT_LOC_STRINGS = YES;
				SWIFT_VERSION = 5.0;
				TARGETED_DEVICE_FAMILY = 1;
			};
			name = Debug;
		};
		18B799FD28CCAB9600186AFA /* Release */ = {
			isa = XCBuildConfiguration;
			buildSettings = {
				ASSETCATALOG_COMPILER_APPICON_NAME = AppIcon;
				ASSETCATALOG_COMPILER_GLOBAL_ACCENT_COLOR_NAME = AccentColor;
				CODE_SIGN_ENTITLEMENTS = MakeMyDay/MakeMyDay.entitlements;
				CODE_SIGN_STYLE = Automatic;
				CURRENT_PROJECT_VERSION = 1;
				DEVELOPMENT_TEAM = UT362X937Q;
				GENERATE_INFOPLIST_FILE = YES;
				INFOPLIST_FILE = MakeMyDay/Info.plist;
				INFOPLIST_KEY_CFBundleDisplayName = MakeMyDay;
				INFOPLIST_KEY_LSApplicationCategoryType = "public.app-category.lifestyle";
				INFOPLIST_KEY_NSLocationWhenInUseUsageDescription = "날씨 정보 검색을 위해 권한이 필요합니다. 허용하시겠습니까?";
				INFOPLIST_KEY_NSPhotoLibraryUsageDescription = "사진 접근을 위해 권한이 필요합니다. 허용하시겠습니까?";
				INFOPLIST_KEY_UIApplicationSupportsIndirectInputEvents = YES;
				INFOPLIST_KEY_UILaunchStoryboardName = LaunchScreen;
				INFOPLIST_KEY_UISupportedInterfaceOrientations = UIInterfaceOrientationPortrait;
				INFOPLIST_KEY_UISupportedInterfaceOrientations_iPad = UIInterfaceOrientationPortrait;
				INFOPLIST_KEY_UISupportedInterfaceOrientations_iPhone = UIInterfaceOrientationPortrait;
				INFOPLIST_KEY_UIUserInterfaceStyle = Light;
				IPHONEOS_DEPLOYMENT_TARGET = 15.0;
				LD_RUNPATH_SEARCH_PATHS = (
					"$(inherited)",
					"@executable_path/Frameworks",
				);
				MARKETING_VERSION = 1.2.4;
				PRODUCT_BUNDLE_IDENTIFIER = io.github.yyyng2.MakeMyDay;
				PRODUCT_NAME = "$(TARGET_NAME)";
				SUPPORTED_PLATFORMS = "iphoneos iphonesimulator";
				SUPPORTS_MACCATALYST = NO;
				SUPPORTS_MAC_DESIGNED_FOR_IPHONE_IPAD = NO;
				SWIFT_EMIT_LOC_STRINGS = YES;
				SWIFT_VERSION = 5.0;
				TARGETED_DEVICE_FAMILY = 1;
			};
			name = Release;
		};
/* End XCBuildConfiguration section */

/* Begin XCConfigurationList section */
		18B799E228CCAB9400186AFA /* Build configuration list for PBXProject "MakeMyDay" */ = {
			isa = XCConfigurationList;
			buildConfigurations = (
				18B799F928CCAB9600186AFA /* Debug */,
				18B799FA28CCAB9600186AFA /* Release */,
			);
			defaultConfigurationIsVisible = 0;
			defaultConfigurationName = Release;
		};
		18B799FB28CCAB9600186AFA /* Build configuration list for PBXNativeTarget "MakeMyDay" */ = {
			isa = XCConfigurationList;
			buildConfigurations = (
				18B799FC28CCAB9600186AFA /* Debug */,
				18B799FD28CCAB9600186AFA /* Release */,
			);
			defaultConfigurationIsVisible = 0;
			defaultConfigurationName = Release;
		};
/* End XCConfigurationList section */

/* Begin XCRemoteSwiftPackageReference section */
		1881D1EB28F56C30009A7E7B /* XCRemoteSwiftPackageReference "firebase-ios-sdk" */ = {
			isa = XCRemoteSwiftPackageReference;
			repositoryURL = "https://github.com/firebase/firebase-ios-sdk";
			requirement = {
				kind = upToNextMajorVersion;
				minimumVersion = 9.0.0;
			};
		};
		18B79A1D28CDE81400186AFA /* XCRemoteSwiftPackageReference "SnapKit" */ = {
			isa = XCRemoteSwiftPackageReference;
			repositoryURL = "https://github.com/SnapKit/SnapKit.git";
			requirement = {
				kind = upToNextMajorVersion;
				minimumVersion = 5.0.0;
			};
		};
		18B79A5728D1D64500186AFA /* XCRemoteSwiftPackageReference "FSCalendar" */ = {
			isa = XCRemoteSwiftPackageReference;
			repositoryURL = "https://github.com/WenchaoD/FSCalendar.git";
			requirement = {
				kind = upToNextMajorVersion;
				minimumVersion = 2.0.0;
			};
		};
		18CDA50428ED846900ECC540 /* XCRemoteSwiftPackageReference "Zip" */ = {
			isa = XCRemoteSwiftPackageReference;
			repositoryURL = "https://github.com/marmelroy/Zip.git";
			requirement = {
				kind = upToNextMajorVersion;
				minimumVersion = 2.0.0;
			};
		};
		18CDA50728EDB74500ECC540 /* XCRemoteSwiftPackageReference "realm-swift" */ = {
			isa = XCRemoteSwiftPackageReference;
			repositoryURL = "https://github.com/realm/realm-swift.git";
			requirement = {
				kind = upToNextMajorVersion;
				minimumVersion = 10.0.0;
			};
		};
/* End XCRemoteSwiftPackageReference section */

/* Begin XCSwiftPackageProductDependency section */
		1881D1B028EE405E009A7E7B /* RealmSwift */ = {
			isa = XCSwiftPackageProductDependency;
			package = 18CDA50728EDB74500ECC540 /* XCRemoteSwiftPackageReference "realm-swift" */;
			productName = RealmSwift;
		};
		1881D1B228EE4063009A7E7B /* Realm */ = {
			isa = XCSwiftPackageProductDependency;
			package = 18CDA50728EDB74500ECC540 /* XCRemoteSwiftPackageReference "realm-swift" */;
			productName = Realm;
		};
		1881D1EC28F56C30009A7E7B /* FirebaseAnalyticsWithoutAdIdSupport */ = {
			isa = XCSwiftPackageProductDependency;
			package = 1881D1EB28F56C30009A7E7B /* XCRemoteSwiftPackageReference "firebase-ios-sdk" */;
			productName = FirebaseAnalyticsWithoutAdIdSupport;
		};
		1881D1EE28F56C30009A7E7B /* FirebaseCrashlytics */ = {
			isa = XCSwiftPackageProductDependency;
			package = 1881D1EB28F56C30009A7E7B /* XCRemoteSwiftPackageReference "firebase-ios-sdk" */;
			productName = FirebaseCrashlytics;
		};
		1881D1F028F56C31009A7E7B /* FirebaseMessaging */ = {
			isa = XCSwiftPackageProductDependency;
			package = 1881D1EB28F56C30009A7E7B /* XCRemoteSwiftPackageReference "firebase-ios-sdk" */;
			productName = FirebaseMessaging;
		};
		18B79A1E28CDE81400186AFA /* SnapKit */ = {
			isa = XCSwiftPackageProductDependency;
			package = 18B79A1D28CDE81400186AFA /* XCRemoteSwiftPackageReference "SnapKit" */;
			productName = SnapKit;
		};
		18B79A5828D1D64500186AFA /* FSCalendar */ = {
			isa = XCSwiftPackageProductDependency;
			package = 18B79A5728D1D64500186AFA /* XCRemoteSwiftPackageReference "FSCalendar" */;
			productName = FSCalendar;
		};
		18CDA50528ED846900ECC540 /* Zip */ = {
			isa = XCSwiftPackageProductDependency;
			package = 18CDA50428ED846900ECC540 /* XCRemoteSwiftPackageReference "Zip" */;
			productName = Zip;
		};
/* End XCSwiftPackageProductDependency section */
	};
	rootObject = 18B799DF28CCAB9400186AFA /* Project object */;
}
